
Microsoft Visual Studio Solution File, Format Version 12.00
# Visual Studio Version 16
VisualStudioVersion = 16.0.29905.134
MinimumVisualStudioVersion = 10.0.40219.1
Project("{9A19103F-16F7-4668-BE54-9A1E7A4F7556}") = "kdacli", "kdacli\kdacli.csproj", "{49AE1502-8220-472E-AFDF-D5D705E64B94}"
EndProject
Project("{FAE04EC0-301F-11D3-BF4B-00C04F79EFBC}") = "kdaapi", "kdaapi\kdaapi.csproj", "{1F018B07-ECF7-4334-9A28-1A1A2DF0C890}"
EndProject
Global
	GlobalSection(SolutionConfigurationPlatforms) = preSolution
		Debug|Any CPU = Debug|Any CPU
		Release|Any CPU = Release|Any CPU
	EndGlobalSection
	GlobalSection(ProjectConfigurationPlatforms) = postSolution
		{49AE1502-8220-472E-AFDF-D5D705E64B94}.Debug|Any CPU.ActiveCfg = Debug|Any CPU
		{49AE1502-8220-472E-AFDF-D5D705E64B94}.Debug|Any CPU.Build.0 = Debug|Any CPU
		{49AE1502-8220-472E-AFDF-D5D705E64B94}.Release|Any CPU.ActiveCfg = Release|Any CPU
		{49AE1502-8220-472E-AFDF-D5D705E64B94}.Release|Any CPU.Build.0 = Release|Any CPU
		{1F018B07-ECF7-4334-9A28-1A1A2DF0C890}.Debug|Any CPU.ActiveCfg = Debug|Any CPU
		{1F018B07-ECF7-4334-9A28-1A1A2DF0C890}.Debug|Any CPU.Build.0 = Debug|Any CPU
		{1F018B07-ECF7-4334-9A28-1A1A2DF0C890}.Release|Any CPU.ActiveCfg = Release|Any CPU
		{1F018B07-ECF7-4334-9A28-1A1A2DF0C890}.Release|Any CPU.Build.0 = Release|Any CPU
	EndGlobalSection
	GlobalSection(SolutionProperties) = preSolution
		HideSolutionNode = FALSE
	EndGlobalSection
	GlobalSection(ExtensibilityGlobals) = postSolution
		SolutionGuid = {609BD98F-2617-4182-AC19-CF5B811FBABE}
	EndGlobalSection
EndGlobal
